
Microsoft Visual Studio Solution File, Format Version 12.00
# Visual Studio 14
VisualStudioVersion = 14.0.24720.0
MinimumVisualStudioVersion = 10.0.40219.1
Project("{FAE04EC0-301F-11D3-BF4B-00C04F79EFBC}") = "Quiron.LojaVirtual.Dominio", "Quiron.LojaVirtual.Dominio\Quiron.LojaVirtual.Dominio.csproj", "{D7CC1312-7E08-4D17-A61F-B7ACDC719F7E}"
EndProject
Project("{FAE04EC0-301F-11D3-BF4B-00C04F79EFBC}") = "Quiron.LojaVirtual.Web", "Quiron.LojaVirtual.Web\Quiron.LojaVirtual.Web.csproj", "{0D1A4F57-DFFE-4E62-A9A9-509D810D05A3}"
EndProject
Project("{FAE04EC0-301F-11D3-BF4B-00C04F79EFBC}") = "Quiron.LojaVirtual.UnitTest", "Quiron.LojaVirtual.UnitTest\Quiron.LojaVirtual.UnitTest.csproj", "{7B393D2E-F441-48BC-A5D2-9D05DBBB4CB3}"
EndProject
Global
	GlobalSection(SolutionConfigurationPlatforms) = preSolution
		Debug|Any CPU = Debug|Any CPU
		Release|Any CPU = Release|Any CPU
	EndGlobalSection
	GlobalSection(ProjectConfigurationPlatforms) = postSolution
		{D7CC1312-7E08-4D17-A61F-B7ACDC719F7E}.Debug|Any CPU.ActiveCfg = Debug|Any CPU
		{D7CC1312-7E08-4D17-A61F-B7ACDC719F7E}.Debug|Any CPU.Build.0 = Debug|Any CPU
		{D7CC1312-7E08-4D17-A61F-B7ACDC719F7E}.Release|Any CPU.ActiveCfg = Release|Any CPU
		{D7CC1312-7E08-4D17-A61F-B7ACDC719F7E}.Release|Any CPU.Build.0 = Release|Any CPU
		{0D1A4F57-DFFE-4E62-A9A9-509D810D05A3}.Debug|Any CPU.ActiveCfg = Debug|Any CPU
		{0D1A4F57-DFFE-4E62-A9A9-509D810D05A3}.Debug|Any CPU.Build.0 = Debug|Any CPU
		{0D1A4F57-DFFE-4E62-A9A9-509D810D05A3}.Release|Any CPU.ActiveCfg = Release|Any CPU
		{0D1A4F57-DFFE-4E62-A9A9-509D810D05A3}.Release|Any CPU.Build.0 = Release|Any CPU
		{7B393D2E-F441-48BC-A5D2-9D05DBBB4CB3}.Debug|Any CPU.ActiveCfg = Debug|Any CPU
		{7B393D2E-F441-48BC-A5D2-9D05DBBB4CB3}.Debug|Any CPU.Build.0 = Debug|Any CPU
		{7B393D2E-F441-48BC-A5D2-9D05DBBB4CB3}.Release|Any CPU.ActiveCfg = Release|Any CPU
		{7B393D2E-F441-48BC-A5D2-9D05DBBB4CB3}.Release|Any CPU.Build.0 = Release|Any CPU
	EndGlobalSection
	GlobalSection(SolutionProperties) = preSolution
		HideSolutionNode = FALSE
	EndGlobalSection
EndGlobal
